
Microsoft Visual Studio Solution File, Format Version 12.00
# Visual Studio Version 16
VisualStudioVersion = 16.0.30907.101
MinimumVisualStudioVersion = 10.0.40219.1
Project("{FAE04EC0-301F-11D3-BF4B-00C04F79EFBC}") = "HotchocolateAuthExample", "HotchocolateAuthExample\HotchocolateAuthExample.csproj", "{8AE492B9-A61E-4CA8-B291-83EF4057B492}"
EndProject
Global
	GlobalSection(SolutionConfigurationPlatforms) = preSolution
		Debug|Any CPU = Debug|Any CPU
		Release|Any CPU = Release|Any CPU
	EndGlobalSection
	GlobalSection(ProjectConfigurationPlatforms) = postSolution
		{8AE492B9-A61E-4CA8-B291-83EF4057B492}.Debug|Any CPU.ActiveCfg = Debug|Any CPU
		{8AE492B9-A61E-4CA8-B291-83EF4057B492}.Debug|Any CPU.Build.0 = Debug|Any CPU
		{8AE492B9-A61E-4CA8-B291-83EF4057B492}.Release|Any CPU.ActiveCfg = Release|Any CPU
		{8AE492B9-A61E-4CA8-B291-83EF4057B492}.Release|Any CPU.Build.0 = Release|Any CPU
	EndGlobalSection
	GlobalSection(SolutionProperties) = preSolution
		HideSolutionNode = FALSE
	EndGlobalSection
	GlobalSection(ExtensibilityGlobals) = postSolution
		SolutionGuid = {FB6BC97B-A3AF-4852-BC30-B16F6D71212C}
	EndGlobalSection
EndGlobal
